
Microsoft Visual Studio Solution File, Format Version 12.00
# Visual Studio Version 16
VisualStudioVersion = 16.0.30804.86
MinimumVisualStudioVersion = 10.0.40219.1
Project("{FAE04EC0-301F-11D3-BF4B-00C04F79EFBC}") = "ShopProject_MVC", "ShopProject_MVC.csproj", "{1284BA3C-A454-4D5E-93D9-13E957D6C140}"
EndProject
Global
	GlobalSection(SolutionConfigurationPlatforms) = preSolution
		Debug|Any CPU = Debug|Any CPU
		Release|Any CPU = Release|Any CPU
	EndGlobalSection
	GlobalSection(ProjectConfigurationPlatforms) = postSolution
		{1284BA3C-A454-4D5E-93D9-13E957D6C140}.Debug|Any CPU.ActiveCfg = Debug|Any CPU
		{1284BA3C-A454-4D5E-93D9-13E957D6C140}.Debug|Any CPU.Build.0 = Debug|Any CPU
		{1284BA3C-A454-4D5E-93D9-13E957D6C140}.Release|Any CPU.ActiveCfg = Release|Any CPU
		{1284BA3C-A454-4D5E-93D9-13E957D6C140}.Release|Any CPU.Build.0 = Release|Any CPU
	EndGlobalSection
	GlobalSection(SolutionProperties) = preSolution
		HideSolutionNode = FALSE
	EndGlobalSection
	GlobalSection(ExtensibilityGlobals) = postSolution
		SolutionGuid = {3173BA7D-43B1-4911-9F9D-9F0D5D768C76}
	EndGlobalSection
EndGlobal
